
Microsoft Visual Studio Solution File, Format Version 12.00
# Visual Studio 15
VisualStudioVersion = 15.0.26730.10
MinimumVisualStudioVersion = 10.0.40219.1
Project("{FAE04EC0-301F-11D3-BF4B-00C04F79EFBC}") = "Alssoft_mobile.Android", "Alssoft_mobile\Alssoft_mobile.Android\Alssoft_mobile.Android.csproj", "{65ADFD32-B9AC-401F-91D7-D475A75BA2D8}"
EndProject
Project("{FAE04EC0-301F-11D3-BF4B-00C04F79EFBC}") = "Alssoft_mobile", "Alssoft_mobile\Alssoft_mobile\Alssoft_mobile.csproj", "{57E350AD-6B9C-4E9D-9C84-DC8AB7A391AB}"
EndProject
Project("{FAE04EC0-301F-11D3-BF4B-00C04F79EFBC}") = "Alssoft_mobile.UWP", "Alssoft_mobile\Alssoft_mobile.UWP\Alssoft_mobile.UWP.csproj", "{0CE7BD0F-4F4C-4D81-B584-B168F0E77BB3}"
EndProject
Project("{FAE04EC0-301F-11D3-BF4B-00C04F79EFBC}") = "Alssoft_mobile.iOS", "Alssoft_mobile\Alssoft_mobile.iOS\Alssoft_mobile.iOS.csproj", "{2F11E74E-DBF2-47C5-94AC-749D91A06106}"
EndProject
Global
	GlobalSection(SolutionConfigurationPlatforms) = preSolution
		Ad-Hoc|Any CPU = Ad-Hoc|Any CPU
		Ad-Hoc|ARM = Ad-Hoc|ARM
		Ad-Hoc|iPhone = Ad-Hoc|iPhone
		Ad-Hoc|iPhoneSimulator = Ad-Hoc|iPhoneSimulator
		Ad-Hoc|x64 = Ad-Hoc|x64
		Ad-Hoc|x86 = Ad-Hoc|x86
		AppStore|Any CPU = AppStore|Any CPU
		AppStore|ARM = AppStore|ARM
		AppStore|iPhone = AppStore|iPhone
		AppStore|iPhoneSimulator = AppStore|iPhoneSimulator
		AppStore|x64 = AppStore|x64
		AppStore|x86 = AppStore|x86
		Debug|Any CPU = Debug|Any CPU
		Debug|ARM = Debug|ARM
		Debug|iPhone = Debug|iPhone
		Debug|iPhoneSimulator = Debug|iPhoneSimulator
		Debug|x64 = Debug|x64
		Debug|x86 = Debug|x86
		Release|Any CPU = Release|Any CPU
		Release|ARM = Release|ARM
		Release|iPhone = Release|iPhone
		Release|iPhoneSimulator = Release|iPhoneSimulator
		Release|x64 = Release|x64
		Release|x86 = Release|x86
	EndGlobalSection
	GlobalSection(ProjectConfigurationPlatforms) = postSolution
		{65ADFD32-B9AC-401F-91D7-D475A75BA2D8}.Ad-Hoc|Any CPU.ActiveCfg = Release|Any CPU
		{65ADFD32-B9AC-401F-91D7-D475A75BA2D8}.Ad-Hoc|Any CPU.Build.0 = Release|Any CPU
		{65ADFD32-B9AC-401F-91D7-D475A75BA2D8}.Ad-Hoc|Any CPU.Deploy.0 = Release|Any CPU
		{65ADFD32-B9AC-401F-91D7-D475A75BA2D8}.Ad-Hoc|ARM.ActiveCfg = Release|Any CPU
		{65ADFD32-B9AC-401F-91D7-D475A75BA2D8}.Ad-Hoc|ARM.Build.0 = Release|Any CPU
		{65ADFD32-B9AC-401F-91D7-D475A75BA2D8}.Ad-Hoc|ARM.Deploy.0 = Release|Any CPU
		{65ADFD32-B9AC-401F-91D7-D475A75BA2D8}.Ad-Hoc|iPhone.ActiveCfg = Release|Any CPU
		{65ADFD32-B9AC-401F-91D7-D475A75BA2D8}.Ad-Hoc|iPhone.Build.0 = Release|Any CPU
		{65ADFD32-B9AC-401F-91D7-D475A75BA2D8}.Ad-Hoc|iPhone.Deploy.0 = Release|Any CPU
		{65ADFD32-B9AC-401F-91D7-D475A75BA2D8}.Ad-Hoc|iPhoneSimulator.ActiveCfg = Release|Any CPU
		{65ADFD32-B9AC-401F-91D7-D475A75BA2D8}.Ad-Hoc|iPhoneSimulator.Build.0 = Release|Any CPU
		{65ADFD32-B9AC-401F-91D7-D475A75BA2D8}.Ad-Hoc|iPhoneSimulator.Deploy.0 = Release|Any CPU
		{65ADFD32-B9AC-401F-91D7-D475A75BA2D8}.Ad-Hoc|x64.ActiveCfg = Release|Any CPU
		{65ADFD32-B9AC-401F-91D7-D475A75BA2D8}.Ad-Hoc|x64.Build.0 = Release|Any CPU
		{65ADFD32-B9AC-401F-91D7-D475A75BA2D8}.Ad-Hoc|x64.Deploy.0 = Release|Any CPU
		{65ADFD32-B9AC-401F-91D7-D475A75BA2D8}.Ad-Hoc|x86.ActiveCfg = Release|Any CPU
		{65ADFD32-B9AC-401F-91D7-D475A75BA2D8}.Ad-Hoc|x86.Build.0 = Release|Any CPU
		{65ADFD32-B9AC-401F-91D7-D475A75BA2D8}.Ad-Hoc|x86.Deploy.0 = Release|Any CPU
		{65ADFD32-B9AC-401F-91D7-D475A75BA2D8}.AppStore|Any CPU.ActiveCfg = Release|Any CPU
		{65ADFD32-B9AC-401F-91D7-D475A75BA2D8}.AppStore|Any CPU.Build.0 = Release|Any CPU
		{65ADFD32-B9AC-401F-91D7-D475A75BA2D8}.AppStore|Any CPU.Deploy.0 = Release|Any CPU
		{65ADFD32-B9AC-401F-91D7-D475A75BA2D8}.AppStore|ARM.ActiveCfg = Release|Any CPU
		{65ADFD32-B9AC-401F-91D7-D475A75BA2D8}.AppStore|ARM.Build.0 = Release|Any CPU
		{65ADFD32-B9AC-401F-91D7-D475A75BA2D8}.AppStore|ARM.Deploy.0 = Release|Any CPU
		{65ADFD32-B9AC-401F-91D7-D475A75BA2D8}.AppStore|iPhone.ActiveCfg = Release|Any CPU
		{65ADFD32-B9AC-401F-91D7-D475A75BA2D8}.AppStore|iPhone.Build.0 = Release|Any CPU
		{65ADFD32-B9AC-401F-91D7-D475A75BA2D8}.AppStore|iPhone.Deploy.0 = Release|Any CPU
		{65ADFD32-B9AC-401F-91D7-D475A75BA2D8}.AppStore|iPhoneSimulator.ActiveCfg = Release|Any CPU
		{65ADFD32-B9AC-401F-91D7-D475A75BA2D8}.AppStore|iPhoneSimulator.Build.0 = Release|Any CPU
		{65ADFD32-B9AC-401F-91D7-D475A75BA2D8}.AppStore|iPhoneSimulator.Deploy.0 = Release|Any CPU
		{65ADFD32-B9AC-401F-91D7-D475A75BA2D8}.AppStore|x64.ActiveCfg = Release|Any CPU
		{65ADFD32-B9AC-401F-91D7-D475A75BA2D8}.AppStore|x64.Build.0 = Release|Any CPU
		{65ADFD32-B9AC-401F-91D7-D475A75BA2D8}.AppStore|x64.Deploy.0 = Release|Any CPU
		{65ADFD32-B9AC-401F-91D7-D475A75BA2D8}.AppStore|x86.ActiveCfg = Release|Any CPU
		{65ADFD32-B9AC-401F-91D7-D475A75BA2D8}.AppStore|x86.Build.0 = Release|Any CPU
		{65ADFD32-B9AC-401F-91D7-D475A75BA2D8}.AppStore|x86.Deploy.0 = Release|Any CPU
		{65ADFD32-B9AC-401F-91D7-D475A75BA2D8}.Debug|Any CPU.ActiveCfg = Debug|Any CPU
		{65ADFD32-B9AC-401F-91D7-D475A75BA2D8}.Debug|Any CPU.Build.0 = Debug|Any CPU
		{65ADFD32-B9AC-401F-91D7-D475A75BA2D8}.Debug|Any CPU.Deploy.0 = Debug|Any CPU
		{65ADFD32-B9AC-401F-91D7-D475A75BA2D8}.Debug|ARM.ActiveCfg = Debug|Any CPU
		{65ADFD32-B9AC-401F-91D7-D475A75BA2D8}.Debug|ARM.Build.0 = Debug|Any CPU
		{65ADFD32-B9AC-401F-91D7-D475A75BA2D8}.Debug|ARM.Deploy.0 = Debug|Any CPU
		{65ADFD32-B9AC-401F-91D7-D475A75BA2D8}.Debug|iPhone.ActiveCfg = Debug|Any CPU
		{65ADFD32-B9AC-401F-91D7-D475A75BA2D8}.Debug|iPhone.Build.0 = Debug|Any CPU
		{65ADFD32-B9AC-401F-91D7-D475A75BA2D8}.Debug|iPhone.Deploy.0 = Debug|Any CPU
		{65ADFD32-B9AC-401F-91D7-D475A75BA2D8}.Debug|iPhoneSimulator.ActiveCfg = Debug|Any CPU
		{65ADFD32-B9AC-401F-91D7-D475A75BA2D8}.Debug|iPhoneSimulator.Build.0 = Debug|Any CPU
		{65ADFD32-B9AC-401F-91D7-D475A75BA2D8}.Debug|iPhoneSimulator.Deploy.0 = Debug|Any CPU
		{65ADFD32-B9AC-401F-91D7-D475A75BA2D8}.Debug|x64.ActiveCfg = Debug|Any CPU
		{65ADFD32-B9AC-401F-91D7-D475A75BA2D8}.Debug|x64.Build.0 = Debug|Any CPU
		{65ADFD32-B9AC-401F-91D7-D475A75BA2D8}.Debug|x64.Deploy.0 = Debug|Any CPU
		{65ADFD32-B9AC-401F-91D7-D475A75BA2D8}.Debug|x86.ActiveCfg = Debug|Any CPU
		{65ADFD32-B9AC-401F-91D7-D475A75BA2D8}.Debug|x86.Build.0 = Debug|Any CPU
		{65ADFD32-B9AC-401F-91D7-D475A75BA2D8}.Debug|x86.Deploy.0 = Debug|Any CPU
		{65ADFD32-B9AC-401F-91D7-D475A75BA2D8}.Release|Any CPU.ActiveCfg = Release|Any CPU
		{65ADFD32-B9AC-401F-91D7-D475A75BA2D8}.Release|Any CPU.Build.0 = Release|Any CPU
		{65ADFD32-B9AC-401F-91D7-D475A75BA2D8}.Release|Any CPU.Deploy.0 = Release|Any CPU
		{65ADFD32-B9AC-401F-91D7-D475A75BA2D8}.Release|ARM.ActiveCfg = Release|Any CPU
		{65ADFD32-B9AC-401F-91D7-D475A75BA2D8}.Release|ARM.Build.0 = Release|Any CPU
		{65ADFD32-B9AC-401F-91D7-D475A75BA2D8}.Release|ARM.Deploy.0 = Release|Any CPU
		{65ADFD32-B9AC-401F-91D7-D475A75BA2D8}.Release|iPhone.ActiveCfg = Release|Any CPU
		{65ADFD32-B9AC-401F-91D7-D475A75BA2D8}.Release|iPhone.Build.0 = Release|Any CPU
		{65ADFD32-B9AC-401F-91D7-D475A75BA2D8}.Release|iPhone.Deploy.0 = Release|Any CPU
		{65ADFD32-B9AC-401F-91D7-D475A75BA2D8}.Release|iPhoneSimulator.ActiveCfg = Release|Any CPU
		{65ADFD32-B9AC-401F-91D7-D475A75BA2D8}.Release|iPhoneSimulator.Build.0 = Release|Any CPU
		{65ADFD32-B9AC-401F-91D7-D475A75BA2D8}.Release|iPhoneSimulator.Deploy.0 = Release|Any CPU
		{65ADFD32-B9AC-401F-91D7-D475A75BA2D8}.Release|x64.ActiveCfg = Release|Any CPU
		{65ADFD32-B9AC-401F-91D7-D475A75BA2D8}.Release|x64.Build.0 = Release|Any CPU
		{65ADFD32-B9AC-401F-91D7-D475A75BA2D8}.Release|x64.Deploy.0 = Release|Any CPU
		{65ADFD32-B9AC-401F-91D7-D475A75BA2D8}.Release|x86.ActiveCfg = Release|Any CPU
		{65ADFD32-B9AC-401F-91D7-D475A75BA2D8}.Release|x86.Build.0 = Release|Any CPU
		{65ADFD32-B9AC-401F-91D7-D475A75BA2D8}.Release|x86.Deploy.0 = Release|Any CPU
		{57E350AD-6B9C-4E9D-9C84-DC8AB7A391AB}.Ad-Hoc|Any CPU.ActiveCfg = Release|Any CPU
		{57E350AD-6B9C-4E9D-9C84-DC8AB7A391AB}.Ad-Hoc|Any CPU.Build.0 = Release|Any CPU
		{57E350AD-6B9C-4E9D-9C84-DC8AB7A391AB}.Ad-Hoc|ARM.ActiveCfg = Release|Any CPU
		{57E350AD-6B9C-4E9D-9C84-DC8AB7A391AB}.Ad-Hoc|ARM.Build.0 = Release|Any CPU
		{57E350AD-6B9C-4E9D-9C84-DC8AB7A391AB}.Ad-Hoc|iPhone.ActiveCfg = Release|Any CPU
		{57E350AD-6B9C-4E9D-9C84-DC8AB7A391AB}.Ad-Hoc|iPhone.Build.0 = Release|Any CPU
		{57E350AD-6B9C-4E9D-9C84-DC8AB7A391AB}.Ad-Hoc|iPhoneSimulator.ActiveCfg = Release|Any CPU
		{57E350AD-6B9C-4E9D-9C84-DC8AB7A391AB}.Ad-Hoc|iPhoneSimulator.Build.0 = Release|Any CPU
		{57E350AD-6B9C-4E9D-9C84-DC8AB7A391AB}.Ad-Hoc|x64.ActiveCfg = Release|Any CPU
		{57E350AD-6B9C-4E9D-9C84-DC8AB7A391AB}.Ad-Hoc|x64.Build.0 = Release|Any CPU
		{57E350AD-6B9C-4E9D-9C84-DC8AB7A391AB}.Ad-Hoc|x86.ActiveCfg = Release|Any CPU
		{57E350AD-6B9C-4E9D-9C84-DC8AB7A391AB}.Ad-Hoc|x86.Build.0 = Release|Any CPU
		{57E350AD-6B9C-4E9D-9C84-DC8AB7A391AB}.AppStore|Any CPU.ActiveCfg = Release|Any CPU
		{57E350AD-6B9C-4E9D-9C84-DC8AB7A391AB}.AppStore|Any CPU.Build.0 = Release|Any CPU
		{57E350AD-6B9C-4E9D-9C84-DC8AB7A391AB}.AppStore|ARM.ActiveCfg = Release|Any CPU
		{57E350AD-6B9C-4E9D-9C84-DC8AB7A391AB}.AppStore|ARM.Build.0 = Release|Any CPU
		{57E350AD-6B9C-4E9D-9C84-DC8AB7A391AB}.AppStore|iPhone.ActiveCfg = Release|Any CPU
		{57E350AD-6B9C-4E9D-9C84-DC8AB7A391AB}.AppStore|iPhone.Build.0 = Release|Any CPU
		{57E350AD-6B9C-4E9D-9C84-DC8AB7A391AB}.AppStore|iPhoneSimulator.ActiveCfg = Release|Any CPU
		{57E350AD-6B9C-4E9D-9C84-DC8AB7A391AB}.AppStore|iPhoneSimulator.Build.0 = Release|Any CPU
		{57E350AD-6B9C-4E9D-9C84-DC8AB7A391AB}.AppStore|x64.ActiveCfg = Release|Any CPU
		{57E350AD-6B9C-4E9D-9C84-DC8AB7A391AB}.AppStore|x64.Build.0 = Release|Any CPU
		{57E350AD-6B9C-4E9D-9C84-DC8AB7A391AB}.AppStore|x86.ActiveCfg = Release|Any CPU
		{57E350AD-6B9C-4E9D-9C84-DC8AB7A391AB}.AppStore|x86.Build.0 = Release|Any CPU
		{57E350AD-6B9C-4E9D-9C84-DC8AB7A391AB}.Debug|Any CPU.ActiveCfg = Debug|Any CPU
		{57E350AD-6B9C-4E9D-9C84-DC8AB7A391AB}.Debug|Any CPU.Build.0 = Debug|Any CPU
		{57E350AD-6B9C-4E9D-9C84-DC8AB7A391AB}.Debug|ARM.ActiveCfg = Debug|Any CPU
		{57E350AD-6B9C-4E9D-9C84-DC8AB7A391AB}.Debug|ARM.Build.0 = Debug|Any CPU
		{57E350AD-6B9C-4E9D-9C84-DC8AB7A391AB}.Debug|iPhone.ActiveCfg = Debug|Any CPU
		{57E350AD-6B9C-4E9D-9C84-DC8AB7A391AB}.Debug|iPhone.Build.0 = Debug|Any CPU
		{57E350AD-6B9C-4E9D-9C84-DC8AB7A391AB}.Debug|iPhoneSimulator.ActiveCfg = Debug|Any CPU
		{57E350AD-6B9C-4E9D-9C84-DC8AB7A391AB}.Debug|iPhoneSimulator.Build.0 = Debug|Any CPU
		{57E350AD-6B9C-4E9D-9C84-DC8AB7A391AB}.Debug|x64.ActiveCfg = Debug|Any CPU
		{57E350AD-6B9C-4E9D-9C84-DC8AB7A391AB}.Debug|x64.Build.0 = Debug|Any CPU
		{57E350AD-6B9C-4E9D-9C84-DC8AB7A391AB}.Debug|x86.ActiveCfg = Debug|Any CPU
		{57E350AD-6B9C-4E9D-9C84-DC8AB7A391AB}.Debug|x86.Build.0 = Debug|Any CPU
		{57E350AD-6B9C-4E9D-9C84-DC8AB7A391AB}.Release|Any CPU.ActiveCfg = Release|Any CPU
		{57E350AD-6B9C-4E9D-9C84-DC8AB7A391AB}.Release|Any CPU.Build.0 = Release|Any CPU
		{57E350AD-6B9C-4E9D-9C84-DC8AB7A391AB}.Release|ARM.ActiveCfg = Release|Any CPU
		{57E350AD-6B9C-4E9D-9C84-DC8AB7A391AB}.Release|ARM.Build.0 = Release|Any CPU
		{57E350AD-6B9C-4E9D-9C84-DC8AB7A391AB}.Release|iPhone.ActiveCfg = Release|Any CPU
		{57E350AD-6B9C-4E9D-9C84-DC8AB7A391AB}.Release|iPhone.Build.0 = Release|Any CPU
		{57E350AD-6B9C-4E9D-9C84-DC8AB7A391AB}.Release|iPhoneSimulator.ActiveCfg = Release|Any CPU
		{57E350AD-6B9C-4E9D-9C84-DC8AB7A391AB}.Release|iPhoneSimulator.Build.0 = Release|Any CPU
		{57E350AD-6B9C-4E9D-9C84-DC8AB7A391AB}.Release|x64.ActiveCfg = Release|Any CPU
		{57E350AD-6B9C-4E9D-9C84-DC8AB7A391AB}.Release|x64.Build.0 = Release|Any CPU
		{57E350AD-6B9C-4E9D-9C84-DC8AB7A391AB}.Release|x86.ActiveCfg = Release|Any CPU
		{57E350AD-6B9C-4E9D-9C84-DC8AB7A391AB}.Release|x86.Build.0 = Release|Any CPU
		{0CE7BD0F-4F4C-4D81-B584-B168F0E77BB3}.Ad-Hoc|Any CPU.ActiveCfg = Release|x86
		{0CE7BD0F-4F4C-4D81-B584-B168F0E77BB3}.Ad-Hoc|Any CPU.Build.0 = Release|x86
		{0CE7BD0F-4F4C-4D81-B584-B168F0E77BB3}.Ad-Hoc|Any CPU.Deploy.0 = Release|x86
		{0CE7BD0F-4F4C-4D81-B584-B168F0E77BB3}.Ad-Hoc|ARM.ActiveCfg = Release|ARM
		{0CE7BD0F-4F4C-4D81-B584-B168F0E77BB3}.Ad-Hoc|ARM.Build.0 = Release|ARM
		{0CE7BD0F-4F4C-4D81-B584-B168F0E77BB3}.Ad-Hoc|ARM.Deploy.0 = Release|ARM
		{0CE7BD0F-4F4C-4D81-B584-B168F0E77BB3}.Ad-Hoc|iPhone.ActiveCfg = Release|x86
		{0CE7BD0F-4F4C-4D81-B584-B168F0E77BB3}.Ad-Hoc|iPhone.Build.0 = Release|x86
		{0CE7BD0F-4F4C-4D81-B584-B168F0E77BB3}.Ad-Hoc|iPhone.Deploy.0 = Release|x86
		{0CE7BD0F-4F4C-4D81-B584-B168F0E77BB3}.Ad-Hoc|iPhoneSimulator.ActiveCfg = Release|x86
		{0CE7BD0F-4F4C-4D81-B584-B168F0E77BB3}.Ad-Hoc|iPhoneSimulator.Build.0 = Release|x86
		{0CE7BD0F-4F4C-4D81-B584-B168F0E77BB3}.Ad-Hoc|iPhoneSimulator.Deploy.0 = Release|x86
		{0CE7BD0F-4F4C-4D81-B584-B168F0E77BB3}.Ad-Hoc|x64.ActiveCfg = Release|x64
		{0CE7BD0F-4F4C-4D81-B584-B168F0E77BB3}.Ad-Hoc|x64.Build.0 = Release|x64
		{0CE7BD0F-4F4C-4D81-B584-B168F0E77BB3}.Ad-Hoc|x64.Deploy.0 = Release|x64
		{0CE7BD0F-4F4C-4D81-B584-B168F0E77BB3}.Ad-Hoc|x86.ActiveCfg = Release|x86
		{0CE7BD0F-4F4C-4D81-B584-B168F0E77BB3}.Ad-Hoc|x86.Build.0 = Release|x86
		{0CE7BD0F-4F4C-4D81-B584-B168F0E77BB3}.Ad-Hoc|x86.Deploy.0 = Release|x86
		{0CE7BD0F-4F4C-4D81-B584-B168F0E77BB3}.AppStore|Any CPU.ActiveCfg = Release|x86
		{0CE7BD0F-4F4C-4D81-B584-B168F0E77BB3}.AppStore|Any CPU.Build.0 = Release|x86
		{0CE7BD0F-4F4C-4D81-B584-B168F0E77BB3}.AppStore|Any CPU.Deploy.0 = Release|x86
		{0CE7BD0F-4F4C-4D81-B584-B168F0E77BB3}.AppStore|ARM.ActiveCfg = Release|ARM
		{0CE7BD0F-4F4C-4D81-B584-B168F0E77BB3}.AppStore|ARM.Build.0 = Release|ARM
		{0CE7BD0F-4F4C-4D81-B584-B168F0E77BB3}.AppStore|ARM.Deploy.0 = Release|ARM
		{0CE7BD0F-4F4C-4D81-B584-B168F0E77BB3}.AppStore|iPhone.ActiveCfg = Release|x86
		{0CE7BD0F-4F4C-4D81-B584-B168F0E77BB3}.AppStore|iPhone.Build.0 = Release|x86
		{0CE7BD0F-4F4C-4D81-B584-B168F0E77BB3}.AppStore|iPhone.Deploy.0 = Release|x86
		{0CE7BD0F-4F4C-4D81-B584-B168F0E77BB3}.AppStore|iPhoneSimulator.ActiveCfg = Release|x86
		{0CE7BD0F-4F4C-4D81-B584-B168F0E77BB3}.AppStore|iPhoneSimulator.Build.0 = Release|x86
		{0CE7BD0F-4F4C-4D81-B584-B168F0E77BB3}.AppStore|iPhoneSimulator.Deploy.0 = Release|x86
		{0CE7BD0F-4F4C-4D81-B584-B168F0E77BB3}.AppStore|x64.ActiveCfg = Release|x64
		{0CE7BD0F-4F4C-4D81-B584-B168F0E77BB3}.AppStore|x64.Build.0 = Release|x64
		{0CE7BD0F-4F4C-4D81-B584-B168F0E77BB3}.AppStore|x64.Deploy.0 = Release|x64
		{0CE7BD0F-4F4C-4D81-B584-B168F0E77BB3}.AppStore|x86.ActiveCfg = Release|x86
		{0CE7BD0F-4F4C-4D81-B584-B168F0E77BB3}.AppStore|x86.Build.0 = Release|x86
		{0CE7BD0F-4F4C-4D81-B584-B168F0E77BB3}.AppStore|x86.Deploy.0 = Release|x86
		{0CE7BD0F-4F4C-4D81-B584-B168F0E77BB3}.Debug|Any CPU.ActiveCfg = Debug|x86
		{0CE7BD0F-4F4C-4D81-B584-B168F0E77BB3}.Debug|ARM.ActiveCfg = Debug|ARM
		{0CE7BD0F-4F4C-4D81-B584-B168F0E77BB3}.Debug|ARM.Build.0 = Debug|ARM
		{0CE7BD0F-4F4C-4D81-B584-B168F0E77BB3}.Debug|ARM.Deploy.0 = Debug|ARM
		{0CE7BD0F-4F4C-4D81-B584-B168F0E77BB3}.Debug|iPhone.ActiveCfg = Debug|x86
		{0CE7BD0F-4F4C-4D81-B584-B168F0E77BB3}.Debug|iPhoneSimulator.ActiveCfg = Debug|x86
		{0CE7BD0F-4F4C-4D81-B584-B168F0E77BB3}.Debug|x64.ActiveCfg = Debug|x64
		{0CE7BD0F-4F4C-4D81-B584-B168F0E77BB3}.Debug|x64.Build.0 = Debug|x64
		{0CE7BD0F-4F4C-4D81-B584-B168F0E77BB3}.Debug|x64.Deploy.0 = Debug|x64
		{0CE7BD0F-4F4C-4D81-B584-B168F0E77BB3}.Debug|x86.ActiveCfg = Debug|x86
		{0CE7BD0F-4F4C-4D81-B584-B168F0E77BB3}.Debug|x86.Build.0 = Debug|x86
		{0CE7BD0F-4F4C-4D81-B584-B168F0E77BB3}.Debug|x86.Deploy.0 = Debug|x86
		{0CE7BD0F-4F4C-4D81-B584-B168F0E77BB3}.Release|Any CPU.ActiveCfg = Release|x86
		{0CE7BD0F-4F4C-4D81-B584-B168F0E77BB3}.Release|ARM.ActiveCfg = Release|ARM
		{0CE7BD0F-4F4C-4D81-B584-B168F0E77BB3}.Release|ARM.Build.0 = Release|ARM
		{0CE7BD0F-4F4C-4D81-B584-B168F0E77BB3}.Release|ARM.Deploy.0 = Release|ARM
		{0CE7BD0F-4F4C-4D81-B584-B168F0E77BB3}.Release|iPhone.ActiveCfg = Release|x86
		{0CE7BD0F-4F4C-4D81-B584-B168F0E77BB3}.Release|iPhoneSimulator.ActiveCfg = Release|x86
		{0CE7BD0F-4F4C-4D81-B584-B168F0E77BB3}.Release|x64.ActiveCfg = Release|x64
		{0CE7BD0F-4F4C-4D81-B584-B168F0E77BB3}.Release|x64.Build.0 = Release|x64
		{0CE7BD0F-4F4C-4D81-B584-B168F0E77BB3}.Release|x64.Deploy.0 = Release|x64
		{0CE7BD0F-4F4C-4D81-B584-B168F0E77BB3}.Release|x86.ActiveCfg = Release|x86
		{0CE7BD0F-4F4C-4D81-B584-B168F0E77BB3}.Release|x86.Build.0 = Release|x86
		{0CE7BD0F-4F4C-4D81-B584-B168F0E77BB3}.Release|x86.Deploy.0 = Release|x86
		{2F11E74E-DBF2-47C5-94AC-749D91A06106}.Ad-Hoc|Any CPU.ActiveCfg = Ad-Hoc|iPhone
		{2F11E74E-DBF2-47C5-94AC-749D91A06106}.Ad-Hoc|ARM.ActiveCfg = Ad-Hoc|iPhone
		{2F11E74E-DBF2-47C5-94AC-749D91A06106}.Ad-Hoc|iPhone.ActiveCfg = Ad-Hoc|iPhone
		{2F11E74E-DBF2-47C5-94AC-749D91A06106}.Ad-Hoc|iPhone.Build.0 = Ad-Hoc|iPhone
		{2F11E74E-DBF2-47C5-94AC-749D91A06106}.Ad-Hoc|iPhoneSimulator.ActiveCfg = Ad-Hoc|iPhoneSimulator
		{2F11E74E-DBF2-47C5-94AC-749D91A06106}.Ad-Hoc|iPhoneSimulator.Build.0 = Ad-Hoc|iPhoneSimulator
		{2F11E74E-DBF2-47C5-94AC-749D91A06106}.Ad-Hoc|x64.ActiveCfg = Ad-Hoc|iPhone
		{2F11E74E-DBF2-47C5-94AC-749D91A06106}.Ad-Hoc|x86.ActiveCfg = Ad-Hoc|iPhone
		{2F11E74E-DBF2-47C5-94AC-749D91A06106}.AppStore|Any CPU.ActiveCfg = AppStore|iPhone
		{2F11E74E-DBF2-47C5-94AC-749D91A06106}.AppStore|ARM.ActiveCfg = AppStore|iPhone
		{2F11E74E-DBF2-47C5-94AC-749D91A06106}.AppStore|iPhone.ActiveCfg = AppStore|iPhone
		{2F11E74E-DBF2-47C5-94AC-749D91A06106}.AppStore|iPhone.Build.0 = AppStore|iPhone
		{2F11E74E-DBF2-47C5-94AC-749D91A06106}.AppStore|iPhoneSimulator.ActiveCfg = AppStore|iPhoneSimulator
		{2F11E74E-DBF2-47C5-94AC-749D91A06106}.AppStore|iPhoneSimulator.Build.0 = AppStore|iPhoneSimulator
		{2F11E74E-DBF2-47C5-94AC-749D91A06106}.AppStore|x64.ActiveCfg = AppStore|iPhone
		{2F11E74E-DBF2-47C5-94AC-749D91A06106}.AppStore|x86.ActiveCfg = AppStore|iPhone
		{2F11E74E-DBF2-47C5-94AC-749D91A06106}.Debug|Any CPU.ActiveCfg = Debug|iPhone
		{2F11E74E-DBF2-47C5-94AC-749D91A06106}.Debug|ARM.ActiveCfg = Debug|iPhone
		{2F11E74E-DBF2-47C5-94AC-749D91A06106}.Debug|iPhone.ActiveCfg = Debug|iPhone
		{2F11E74E-DBF2-47C5-94AC-749D91A06106}.Debug|iPhone.Build.0 = Debug|iPhone
		{2F11E74E-DBF2-47C5-94AC-749D91A06106}.Debug|iPhoneSimulator.ActiveCfg = Debug|iPhoneSimulator
		{2F11E74E-DBF2-47C5-94AC-749D91A06106}.Debug|iPhoneSimulator.Build.0 = Debug|iPhoneSimulator
		{2F11E74E-DBF2-47C5-94AC-749D91A06106}.Debug|x64.ActiveCfg = Debug|iPhone
		{2F11E74E-DBF2-47C5-94AC-749D91A06106}.Debug|x86.ActiveCfg = Debug|iPhone
		{2F11E74E-DBF2-47C5-94AC-749D91A06106}.Release|Any CPU.ActiveCfg = Release|iPhone
		{2F11E74E-DBF2-47C5-94AC-749D91A06106}.Release|ARM.ActiveCfg = Release|iPhone
		{2F11E74E-DBF2-47C5-94AC-749D91A06106}.Release|iPhone.ActiveCfg = Release|iPhone
		{2F11E74E-DBF2-47C5-94AC-749D91A06106}.Release|iPhone.Build.0 = Release|iPhone
		{2F11E74E-DBF2-47C5-94AC-749D91A06106}.Release|iPhoneSimulator.ActiveCfg = Release|iPhoneSimulator
		{2F11E74E-DBF2-47C5-94AC-749D91A06106}.Release|iPhoneSimulator.Build.0 = Release|iPhoneSimulator
		{2F11E74E-DBF2-47C5-94AC-749D91A06106}.Release|x64.ActiveCfg = Release|iPhone
		{2F11E74E-DBF2-47C5-94AC-749D91A06106}.Release|x86.ActiveCfg = Release|iPhone
	EndGlobalSection
	GlobalSection(SolutionProperties) = preSolution
		HideSolutionNode = FALSE
	EndGlobalSection
	GlobalSection(ExtensibilityGlobals) = postSolution
		SolutionGuid = {EAD4CFBD-99F3-4970-9358-33AD03D25DD6}
	EndGlobalSection
EndGlobal
